
Microsoft Visual Studio Solution File, Format Version 12.00
# Visual Studio Version 18
VisualStudioVersion = 18.4.11626.88
MinimumVisualStudioVersion = 10.0.40219.1
Project("{2150E333-8FDC-42A3-9474-1A3956D46DE8}") = "03 Source", "03 Source", "{BE033CFA-1736-4365-A4B4-6AD7D82EB6AD}"
EndProject
Project("{2150E333-8FDC-42A3-9474-1A3956D46DE8}") = "04 Examples", "04 Examples", "{9DCA88F1-CA17-4638-83DA-D651ED95C21C}"
EndProject
Project("{FAE04EC0-301F-11D3-BF4B-00C04F79EFBC}") = "PragmaticIT.Umbraco.VirtualMembers", "Source\PragmaticIT.Umbraco.VirtualMembers\PragmaticIT.Umbraco.VirtualMembers.csproj", "{C1D2E3F4-A5B6-7890-CDEF-123456789ABC}"
EndProject
Project("{FAE04EC0-301F-11D3-BF4B-00C04F79EFBC}") = "PragmaticIT.Umbraco.VirtualMembers.Web", "Source\PragmaticIT.Umbraco.VirtualMembers.Web\PragmaticIT.Umbraco.VirtualMembers.Web.csproj", "{D2E3F4A5-B6C7-8901-DEF0-234567890ABC}"
EndProject
Project("{2150E333-8FDC-42A3-9474-1A3956D46DE8}") = "02 Common", "02 Common", "{CDA6883F-9837-4AC7-A25D-59219DF1ABEE}"
EndProject
Project("{2150E333-8FDC-42A3-9474-1A3956D46DE8}") = "Seed", "Seed", "{F34B7A0C-636A-4867-90BD-B15CDA556BAE}"
	ProjectSection(SolutionItems) = preProject
		Common\Seed\access-denied.xml = Common\Seed\access-denied.xml
		Common\Seed\ContentInstaller.cs = Common\Seed\ContentInstaller.cs
		Common\Seed\ContentMigrationComposer.cs = Common\Seed\ContentMigrationComposer.cs
		Common\Seed\ContentMigrationPlan.cs = Common\Seed\ContentMigrationPlan.cs
		Common\Seed\home.xml = Common\Seed\home.xml
		Common\Seed\login.xml = Common\Seed\login.xml
		Common\Seed\logout.xml = Common\Seed\logout.xml
		Common\Seed\org-a.xml = Common\Seed\org-a.xml
		Common\Seed\org-b.xml = Common\Seed\org-b.xml
	EndProjectSection
EndProject
Project("{2150E333-8FDC-42A3-9474-1A3956D46DE8}") = "Member lists", "Member lists", "{408C7A1F-6A92-4EBB-968D-FD9246D8B69E}"
	ProjectSection(SolutionItems) = preProject
		Common\Member Lists\Org-A.csv = Common\Member Lists\Org-A.csv
		Common\Member Lists\Org-B.csv = Common\Member Lists\Org-B.csv
	EndProjectSection
EndProject
Project("{2150E333-8FDC-42A3-9474-1A3956D46DE8}") = "05 Tests", "05 Tests", "{0AB3BF05-4346-4AA6-1389-037BE0695223}"
EndProject
Project("{FAE04EC0-301F-11D3-BF4B-00C04F79EFBC}") = "PragmaticIT.Umbraco.VirtualMembers.Tests", "Tests\PragmaticIT.Umbraco.VirtualMembers.Tests\PragmaticIT.Umbraco.VirtualMembers.Tests.csproj", "{6177C316-2E4F-4ED6-9101-50297A328870}"
EndProject
Project("{2150E333-8FDC-42A3-9474-1A3956D46DE8}") = "01 Docs", "01 Docs", "{6BAF5E6D-1DC9-49B5-BC70-D495ACAB5211}"
	ProjectSection(SolutionItems) = preProject
		docs\IMPLEMENTATION.md = docs\IMPLEMENTATION.md
		README.md = README.md
		docs\README.nuget.md = docs\README.nuget.md
		docs\USAGE.md = docs\USAGE.md
	EndProjectSection
EndProject
Project("{FAE04EC0-301F-11D3-BF4B-00C04F79EFBC}") = "VirtualMembersTest", "Examples\VirtualMembersTest\VirtualMembersTest.csproj", "{51BEF6D8-C543-8C09-7B82-036B23DE210F}"
EndProject
Global
	GlobalSection(SolutionConfigurationPlatforms) = preSolution
		Debug|Any CPU = Debug|Any CPU
		Debug|x64 = Debug|x64
		Debug|x86 = Debug|x86
		Release|Any CPU = Release|Any CPU
		Release|x64 = Release|x64
		Release|x86 = Release|x86
	EndGlobalSection
	GlobalSection(ProjectConfigurationPlatforms) = postSolution
		{C1D2E3F4-A5B6-7890-CDEF-123456789ABC}.Debug|Any CPU.ActiveCfg = Debug|Any CPU
		{C1D2E3F4-A5B6-7890-CDEF-123456789ABC}.Debug|Any CPU.Build.0 = Debug|Any CPU
		{C1D2E3F4-A5B6-7890-CDEF-123456789ABC}.Debug|x64.ActiveCfg = Debug|Any CPU
		{C1D2E3F4-A5B6-7890-CDEF-123456789ABC}.Debug|x64.Build.0 = Debug|Any CPU
		{C1D2E3F4-A5B6-7890-CDEF-123456789ABC}.Debug|x86.ActiveCfg = Debug|Any CPU
		{C1D2E3F4-A5B6-7890-CDEF-123456789ABC}.Debug|x86.Build.0 = Debug|Any CPU
		{C1D2E3F4-A5B6-7890-CDEF-123456789ABC}.Release|Any CPU.ActiveCfg = Release|Any CPU
		{C1D2E3F4-A5B6-7890-CDEF-123456789ABC}.Release|Any CPU.Build.0 = Release|Any CPU
		{C1D2E3F4-A5B6-7890-CDEF-123456789ABC}.Release|x64.ActiveCfg = Release|Any CPU
		{C1D2E3F4-A5B6-7890-CDEF-123456789ABC}.Release|x64.Build.0 = Release|Any CPU
		{C1D2E3F4-A5B6-7890-CDEF-123456789ABC}.Release|x86.ActiveCfg = Release|Any CPU
		{C1D2E3F4-A5B6-7890-CDEF-123456789ABC}.Release|x86.Build.0 = Release|Any CPU
		{D2E3F4A5-B6C7-8901-DEF0-234567890ABC}.Debug|Any CPU.ActiveCfg = Debug|Any CPU
		{D2E3F4A5-B6C7-8901-DEF0-234567890ABC}.Debug|Any CPU.Build.0 = Debug|Any CPU
		{D2E3F4A5-B6C7-8901-DEF0-234567890ABC}.Debug|x64.ActiveCfg = Debug|Any CPU
		{D2E3F4A5-B6C7-8901-DEF0-234567890ABC}.Debug|x64.Build.0 = Debug|Any CPU
		{D2E3F4A5-B6C7-8901-DEF0-234567890ABC}.Debug|x86.ActiveCfg = Debug|Any CPU
		{D2E3F4A5-B6C7-8901-DEF0-234567890ABC}.Debug|x86.Build.0 = Debug|Any CPU
		{D2E3F4A5-B6C7-8901-DEF0-234567890ABC}.Release|Any CPU.ActiveCfg = Release|Any CPU
		{D2E3F4A5-B6C7-8901-DEF0-234567890ABC}.Release|Any CPU.Build.0 = Release|Any CPU
		{D2E3F4A5-B6C7-8901-DEF0-234567890ABC}.Release|x64.ActiveCfg = Release|Any CPU
		{D2E3F4A5-B6C7-8901-DEF0-234567890ABC}.Release|x64.Build.0 = Release|Any CPU
		{D2E3F4A5-B6C7-8901-DEF0-234567890ABC}.Release|x86.ActiveCfg = Release|Any CPU
		{D2E3F4A5-B6C7-8901-DEF0-234567890ABC}.Release|x86.Build.0 = Release|Any CPU
		{6177C316-2E4F-4ED6-9101-50297A328870}.Debug|Any CPU.ActiveCfg = Debug|Any CPU
		{6177C316-2E4F-4ED6-9101-50297A328870}.Debug|Any CPU.Build.0 = Debug|Any CPU
		{6177C316-2E4F-4ED6-9101-50297A328870}.Debug|x64.ActiveCfg = Debug|Any CPU
		{6177C316-2E4F-4ED6-9101-50297A328870}.Debug|x64.Build.0 = Debug|Any CPU
		{6177C316-2E4F-4ED6-9101-50297A328870}.Debug|x86.ActiveCfg = Debug|Any CPU
		{6177C316-2E4F-4ED6-9101-50297A328870}.Debug|x86.Build.0 = Debug|Any CPU
		{6177C316-2E4F-4ED6-9101-50297A328870}.Release|Any CPU.ActiveCfg = Release|Any CPU
		{6177C316-2E4F-4ED6-9101-50297A328870}.Release|Any CPU.Build.0 = Release|Any CPU
		{6177C316-2E4F-4ED6-9101-50297A328870}.Release|x64.ActiveCfg = Release|Any CPU
		{6177C316-2E4F-4ED6-9101-50297A328870}.Release|x64.Build.0 = Release|Any CPU
		{6177C316-2E4F-4ED6-9101-50297A328870}.Release|x86.ActiveCfg = Release|Any CPU
		{6177C316-2E4F-4ED6-9101-50297A328870}.Release|x86.Build.0 = Release|Any CPU
		{51BEF6D8-C543-8C09-7B82-036B23DE210F}.Debug|Any CPU.ActiveCfg = Debug|Any CPU
		{51BEF6D8-C543-8C09-7B82-036B23DE210F}.Debug|Any CPU.Build.0 = Debug|Any CPU
		{51BEF6D8-C543-8C09-7B82-036B23DE210F}.Debug|x64.ActiveCfg = Debug|Any CPU
		{51BEF6D8-C543-8C09-7B82-036B23DE210F}.Debug|x64.Build.0 = Debug|Any CPU
		{51BEF6D8-C543-8C09-7B82-036B23DE210F}.Debug|x86.ActiveCfg = Debug|Any CPU
		{51BEF6D8-C543-8C09-7B82-036B23DE210F}.Debug|x86.Build.0 = Debug|Any CPU
		{51BEF6D8-C543-8C09-7B82-036B23DE210F}.Release|Any CPU.ActiveCfg = Release|Any CPU
		{51BEF6D8-C543-8C09-7B82-036B23DE210F}.Release|Any CPU.Build.0 = Release|Any CPU
		{51BEF6D8-C543-8C09-7B82-036B23DE210F}.Release|x64.ActiveCfg = Release|Any CPU
		{51BEF6D8-C543-8C09-7B82-036B23DE210F}.Release|x64.Build.0 = Release|Any CPU
		{51BEF6D8-C543-8C09-7B82-036B23DE210F}.Release|x86.ActiveCfg = Release|Any CPU
		{51BEF6D8-C543-8C09-7B82-036B23DE210F}.Release|x86.Build.0 = Release|Any CPU
	EndGlobalSection
	GlobalSection(SolutionProperties) = preSolution
		HideSolutionNode = FALSE
	EndGlobalSection
	GlobalSection(NestedProjects) = preSolution
		{C1D2E3F4-A5B6-7890-CDEF-123456789ABC} = {BE033CFA-1736-4365-A4B4-6AD7D82EB6AD}
		{D2E3F4A5-B6C7-8901-DEF0-234567890ABC} = {BE033CFA-1736-4365-A4B4-6AD7D82EB6AD}
		{F34B7A0C-636A-4867-90BD-B15CDA556BAE} = {CDA6883F-9837-4AC7-A25D-59219DF1ABEE}
		{408C7A1F-6A92-4EBB-968D-FD9246D8B69E} = {CDA6883F-9837-4AC7-A25D-59219DF1ABEE}
		{6177C316-2E4F-4ED6-9101-50297A328870} = {0AB3BF05-4346-4AA6-1389-037BE0695223}
		{51BEF6D8-C543-8C09-7B82-036B23DE210F} = {9DCA88F1-CA17-4638-83DA-D651ED95C21C}
	EndGlobalSection
	GlobalSection(ExtensibilityGlobals) = postSolution
		SolutionGuid = {3F8DACE7-9D91-4BDA-871A-3BCDE8065C41}
	EndGlobalSection
EndGlobal
